
Microsoft Visual Studio Solution File, Format Version 12.00
# Visual Studio 14
VisualStudioVersion = 14.0.23107.0
MinimumVisualStudioVersion = 10.0.40219.1
Project("{2150E333-8FDC-42A3-9474-1A3956D46DE8}") = "Common", "Common", "{B0FA498B-D7EF-4108-ADA7-DDC98C820363}"
EndProject
Project("{2150E333-8FDC-42A3-9474-1A3956D46DE8}") = "ConferenceManagement", "ConferenceManagement", "{FF50F728-AF4F-491C-BB24-40D8C22D93A1}"
EndProject
Project("{2150E333-8FDC-42A3-9474-1A3956D46DE8}") = "Payments", "Payments", "{84B9E384-95E1-4C6B-B2BF-042A02BB2F23}"
EndProject
Project("{2150E333-8FDC-42A3-9474-1A3956D46DE8}") = "Registration", "Registration", "{B323BD14-64FE-4999-951F-1707FA44664B}"
EndProject
Project("{2150E333-8FDC-42A3-9474-1A3956D46DE8}") = "Web", "Web", "{0EBAED9E-72FD-43FC-A4C2-308A6749B8EE}"
EndProject
Global
	GlobalSection(SolutionProperties) = preSolution
		HideSolutionNode = FALSE
	EndGlobalSection
EndGlobal
